
Microsoft Visual Studio Solution File, Format Version 12.00
# Visual Studio Version 17
VisualStudioVersion = 17.5.33516.290
MinimumVisualStudioVersion = 10.0.40219.1
Project("{FAE04EC0-301F-11D3-BF4B-00C04F79EFBC}") = "BhavukGarg_DotnetDeveloper", "BhavukGarg_DotnetDeveloper.csproj", "{9849168B-0D7A-4C59-851F-378EE9F70E2A}"
EndProject
Global
	GlobalSection(SolutionConfigurationPlatforms) = preSolution
		Debug|Any CPU = Debug|Any CPU
		Release|Any CPU = Release|Any CPU
	EndGlobalSection
	GlobalSection(ProjectConfigurationPlatforms) = postSolution
		{9849168B-0D7A-4C59-851F-378EE9F70E2A}.Debug|Any CPU.ActiveCfg = Debug|Any CPU
		{9849168B-0D7A-4C59-851F-378EE9F70E2A}.Debug|Any CPU.Build.0 = Debug|Any CPU
		{9849168B-0D7A-4C59-851F-378EE9F70E2A}.Release|Any CPU.ActiveCfg = Release|Any CPU
		{9849168B-0D7A-4C59-851F-378EE9F70E2A}.Release|Any CPU.Build.0 = Release|Any CPU
	EndGlobalSection
	GlobalSection(SolutionProperties) = preSolution
		HideSolutionNode = FALSE
	EndGlobalSection
	GlobalSection(ExtensibilityGlobals) = postSolution
		SolutionGuid = {89511FC6-91AE-4593-9261-65A4C82836F0}
	EndGlobalSection
EndGlobal
